
Microsoft Visual Studio Solution File, Format Version 12.00
# Visual Studio Version 16
VisualStudioVersion = 16.0.31729.503
MinimumVisualStudioVersion = 10.0.40219.1
Project("{FAE04EC0-301F-11D3-BF4B-00C04F79EFBC}") = "CatalogService", "CatalogService\CatalogService.csproj", "{250004B0-2818-4258-B2CF-3253846DDDED}"
EndProject
Project("{FAE04EC0-301F-11D3-BF4B-00C04F79EFBC}") = "ProductService", "ProductService\ProductService.csproj", "{0FFB3F07-786A-4C7F-978F-506AA54DF955}"
EndProject
Project("{FAE04EC0-301F-11D3-BF4B-00C04F79EFBC}") = "APIGateway", "APIGateway\APIGateway.csproj", "{C9989D9D-6C50-46E0-A3F7-AA053CB8C24B}"
EndProject
Project("{FAE04EC0-301F-11D3-BF4B-00C04F79EFBC}") = "Common", "Common\Common.csproj", "{E1CFBDDD-AEE7-4B97-AD2A-5F51290D271F}"
EndProject
Global
	GlobalSection(SolutionConfigurationPlatforms) = preSolution
		Debug|Any CPU = Debug|Any CPU
		Release|Any CPU = Release|Any CPU
	EndGlobalSection
	GlobalSection(ProjectConfigurationPlatforms) = postSolution
		{250004B0-2818-4258-B2CF-3253846DDDED}.Debug|Any CPU.ActiveCfg = Debug|Any CPU
		{250004B0-2818-4258-B2CF-3253846DDDED}.Debug|Any CPU.Build.0 = Debug|Any CPU
		{250004B0-2818-4258-B2CF-3253846DDDED}.Release|Any CPU.ActiveCfg = Release|Any CPU
		{250004B0-2818-4258-B2CF-3253846DDDED}.Release|Any CPU.Build.0 = Release|Any CPU
		{0FFB3F07-786A-4C7F-978F-506AA54DF955}.Debug|Any CPU.ActiveCfg = Debug|Any CPU
		{0FFB3F07-786A-4C7F-978F-506AA54DF955}.Debug|Any CPU.Build.0 = Debug|Any CPU
		{0FFB3F07-786A-4C7F-978F-506AA54DF955}.Release|Any CPU.ActiveCfg = Release|Any CPU
		{0FFB3F07-786A-4C7F-978F-506AA54DF955}.Release|Any CPU.Build.0 = Release|Any CPU
		{C9989D9D-6C50-46E0-A3F7-AA053CB8C24B}.Debug|Any CPU.ActiveCfg = Debug|Any CPU
		{C9989D9D-6C50-46E0-A3F7-AA053CB8C24B}.Debug|Any CPU.Build.0 = Debug|Any CPU
		{C9989D9D-6C50-46E0-A3F7-AA053CB8C24B}.Release|Any CPU.ActiveCfg = Release|Any CPU
		{C9989D9D-6C50-46E0-A3F7-AA053CB8C24B}.Release|Any CPU.Build.0 = Release|Any CPU
		{E1CFBDDD-AEE7-4B97-AD2A-5F51290D271F}.Debug|Any CPU.ActiveCfg = Debug|Any CPU
		{E1CFBDDD-AEE7-4B97-AD2A-5F51290D271F}.Debug|Any CPU.Build.0 = Debug|Any CPU
		{E1CFBDDD-AEE7-4B97-AD2A-5F51290D271F}.Release|Any CPU.ActiveCfg = Release|Any CPU
		{E1CFBDDD-AEE7-4B97-AD2A-5F51290D271F}.Release|Any CPU.Build.0 = Release|Any CPU
	EndGlobalSection
	GlobalSection(SolutionProperties) = preSolution
		HideSolutionNode = FALSE
	EndGlobalSection
	GlobalSection(ExtensibilityGlobals) = postSolution
		SolutionGuid = {4336BD25-56F6-444E-9F62-000AC79F05CE}
	EndGlobalSection
EndGlobal
